
Microsoft Visual Studio Solution File, Format Version 12.00
# Visual Studio Version 16
VisualStudioVersion = 16.0.30804.86
MinimumVisualStudioVersion = 10.0.40219.1
Project("{8BC9CEB8-8B4A-11D0-8D11-00A0C91BC942}") = "Project11", "Project11\Project11.vcxproj", "{93841A25-B559-4E97-B6C4-959B7FEF69C1}"
EndProject
Global
	GlobalSection(SolutionConfigurationPlatforms) = preSolution
		Debug|x64 = Debug|x64
		Debug|x86 = Debug|x86
		Release|x64 = Release|x64
		Release|x86 = Release|x86
	EndGlobalSection
	GlobalSection(ProjectConfigurationPlatforms) = postSolution
		{93841A25-B559-4E97-B6C4-959B7FEF69C1}.Debug|x64.ActiveCfg = Debug|x64
		{93841A25-B559-4E97-B6C4-959B7FEF69C1}.Debug|x64.Build.0 = Debug|x64
		{93841A25-B559-4E97-B6C4-959B7FEF69C1}.Debug|x86.ActiveCfg = Debug|Win32
		{93841A25-B559-4E97-B6C4-959B7FEF69C1}.Debug|x86.Build.0 = Debug|Win32
		{93841A25-B559-4E97-B6C4-959B7FEF69C1}.Release|x64.ActiveCfg = Release|x64
		{93841A25-B559-4E97-B6C4-959B7FEF69C1}.Release|x64.Build.0 = Release|x64
		{93841A25-B559-4E97-B6C4-959B7FEF69C1}.Release|x86.ActiveCfg = Release|Win32
		{93841A25-B559-4E97-B6C4-959B7FEF69C1}.Release|x86.Build.0 = Release|Win32
	EndGlobalSection
	GlobalSection(SolutionProperties) = preSolution
		HideSolutionNode = FALSE
	EndGlobalSection
	GlobalSection(ExtensibilityGlobals) = postSolution
		SolutionGuid = {24640231-29ED-4D25-858E-C5DA1BBC2F40}
	EndGlobalSection
EndGlobal
